
Microsoft Visual Studio Solution File, Format Version 12.00
# Visual Studio Version 16
VisualStudioVersion = 16.0.29519.87
MinimumVisualStudioVersion = 10.0.40219.1
Project("{9A19103F-16F7-4668-BE54-9A1E7A4F7556}") = "fresenius", "fresenius\fresenius.csproj", "{B56F1EC1-B3C0-480E-B4E5-C7D6F0960BB8}"
EndProject
Project("{FAE04EC0-301F-11D3-BF4B-00C04F79EFBC}") = "UnitTestProject", "UnitTestProject\UnitTestProject.csproj", "{D7D797CD-FDDF-4FE0-A418-BCFF5CE1069E}"
EndProject
Project("{FAE04EC0-301F-11D3-BF4B-00C04F79EFBC}") = "Infrastructure", "Infrastructure\Infrastructure.csproj", "{92C69CF0-D81C-4444-880D-B2ACC2D3F004}"
EndProject
Project("{FAE04EC0-301F-11D3-BF4B-00C04F79EFBC}") = "Domain", "Domain\Domain.csproj", "{CFBEB772-21C8-4F37-A431-8A6DB9AA90D1}"
EndProject
Project("{FAE04EC0-301F-11D3-BF4B-00C04F79EFBC}") = "Services", "Services\Services.csproj", "{45DB0C1E-8713-47D8-87CF-2BEF386BF67A}"
EndProject
Global
	GlobalSection(SolutionConfigurationPlatforms) = preSolution
		Debug|Any CPU = Debug|Any CPU
		Release|Any CPU = Release|Any CPU
	EndGlobalSection
	GlobalSection(ProjectConfigurationPlatforms) = postSolution
		{B56F1EC1-B3C0-480E-B4E5-C7D6F0960BB8}.Debug|Any CPU.ActiveCfg = Debug|Any CPU
		{B56F1EC1-B3C0-480E-B4E5-C7D6F0960BB8}.Debug|Any CPU.Build.0 = Debug|Any CPU
		{B56F1EC1-B3C0-480E-B4E5-C7D6F0960BB8}.Release|Any CPU.ActiveCfg = Release|Any CPU
		{B56F1EC1-B3C0-480E-B4E5-C7D6F0960BB8}.Release|Any CPU.Build.0 = Release|Any CPU
		{D7D797CD-FDDF-4FE0-A418-BCFF5CE1069E}.Debug|Any CPU.ActiveCfg = Debug|Any CPU
		{D7D797CD-FDDF-4FE0-A418-BCFF5CE1069E}.Debug|Any CPU.Build.0 = Debug|Any CPU
		{D7D797CD-FDDF-4FE0-A418-BCFF5CE1069E}.Release|Any CPU.ActiveCfg = Release|Any CPU
		{D7D797CD-FDDF-4FE0-A418-BCFF5CE1069E}.Release|Any CPU.Build.0 = Release|Any CPU
		{92C69CF0-D81C-4444-880D-B2ACC2D3F004}.Debug|Any CPU.ActiveCfg = Debug|Any CPU
		{92C69CF0-D81C-4444-880D-B2ACC2D3F004}.Debug|Any CPU.Build.0 = Debug|Any CPU
		{92C69CF0-D81C-4444-880D-B2ACC2D3F004}.Release|Any CPU.ActiveCfg = Release|Any CPU
		{92C69CF0-D81C-4444-880D-B2ACC2D3F004}.Release|Any CPU.Build.0 = Release|Any CPU
		{CFBEB772-21C8-4F37-A431-8A6DB9AA90D1}.Debug|Any CPU.ActiveCfg = Debug|Any CPU
		{CFBEB772-21C8-4F37-A431-8A6DB9AA90D1}.Debug|Any CPU.Build.0 = Debug|Any CPU
		{CFBEB772-21C8-4F37-A431-8A6DB9AA90D1}.Release|Any CPU.ActiveCfg = Release|Any CPU
		{CFBEB772-21C8-4F37-A431-8A6DB9AA90D1}.Release|Any CPU.Build.0 = Release|Any CPU
		{45DB0C1E-8713-47D8-87CF-2BEF386BF67A}.Debug|Any CPU.ActiveCfg = Debug|Any CPU
		{45DB0C1E-8713-47D8-87CF-2BEF386BF67A}.Debug|Any CPU.Build.0 = Debug|Any CPU
		{45DB0C1E-8713-47D8-87CF-2BEF386BF67A}.Release|Any CPU.ActiveCfg = Release|Any CPU
		{45DB0C1E-8713-47D8-87CF-2BEF386BF67A}.Release|Any CPU.Build.0 = Release|Any CPU
	EndGlobalSection
	GlobalSection(SolutionProperties) = preSolution
		HideSolutionNode = FALSE
	EndGlobalSection
	GlobalSection(ExtensibilityGlobals) = postSolution
		SolutionGuid = {80F1909E-7C19-43AE-83C6-E74B26B5F4A3}
	EndGlobalSection
EndGlobal
